// !$*UTF8*$!
{
	archiveVersion = 1;
	classes = {
	};
	objectVersion = 46;
	objects = {

/* Begin PBXBuildFile section */
		1291CA441E76E2FC0096E57D /* AppDelegate.swift in Sources */ = {isa = PBXBuildFile; fileRef = 1291CA431E76E2FC0096E57D /* AppDelegate.swift */; };
		1291CA461E76E2FC0096E57D /* Main.sks in Resources */ = {isa = PBXBuildFile; fileRef = 1291CA451E76E2FC0096E57D /* Main.sks */; };
		1291CA481E76E2FC0096E57D /* Actions.sks in Resources */ = {isa = PBXBuildFile; fileRef = 1291CA471E76E2FC0096E57D /* Actions.sks */; };
		1291CA4C1E76E2FC0096E57D /* ViewController.swift in Sources */ = {isa = PBXBuildFile; fileRef = 1291CA4B1E76E2FC0096E57D /* ViewController.swift */; };
		1291CA4E1E76E2FC0096E57D /* Assets.xcassets in Resources */ = {isa = PBXBuildFile; fileRef = 1291CA4D1E76E2FC0096E57D /* Assets.xcassets */; };
		1291CA511E76E2FC0096E57D /* Main.storyboard in Resources */ = {isa = PBXBuildFile; fileRef = 1291CA4F1E76E2FC0096E57D /* Main.storyboard */; };
		1291CA5C1E76E2FC0096E57D /* User2048Tests.swift in Sources */ = {isa = PBXBuildFile; fileRef = 1291CA5B1E76E2FC0096E57D /* User2048Tests.swift */; };
		1291CA671E76E2FC0096E57D /* User2048UITests.swift in Sources */ = {isa = PBXBuildFile; fileRef = 1291CA661E76E2FC0096E57D /* User2048UITests.swift */; };
		1291CA7A1E76E3460096E57D /* Main.swift in Sources */ = {isa = PBXBuildFile; fileRef = 1291CA791E76E3460096E57D /* Main.swift */; };
		1291CA7C1E76E3770096E57D /* Board.swift in Sources */ = {isa = PBXBuildFile; fileRef = 1291CA7B1E76E3770096E57D /* Board.swift */; };
		1291CA7E1E76E38D0096E57D /* Cell.swift in Sources */ = {isa = PBXBuildFile; fileRef = 1291CA7D1E76E38D0096E57D /* Cell.swift */; };
		1291CA801E76E3A20096E57D /* Position.swift in Sources */ = {isa = PBXBuildFile; fileRef = 1291CA7F1E76E3A20096E57D /* Position.swift */; };
/* End PBXBuildFile section */

/* Begin PBXContainerItemProxy section */
		1291CA581E76E2FC0096E57D /* PBXContainerItemProxy */ = {
			isa = PBXContainerItemProxy;
			containerPortal = 1291CA381E76E2FC0096E57D /* Project object */;
			proxyType = 1;
			remoteGlobalIDString = 1291CA3F1E76E2FC0096E57D;
			remoteInfo = User2048;
		};
		1291CA631E76E2FC0096E57D /* PBXContainerItemProxy */ = {
			isa = PBXContainerItemProxy;
			containerPortal = 1291CA381E76E2FC0096E57D /* Project object */;
			proxyType = 1;
			remoteGlobalIDString = 1291CA3F1E76E2FC0096E57D;
			remoteInfo = User2048;
		};
/* End PBXContainerItemProxy section */

/* Begin PBXFileReference section */
		1291CA401E76E2FC0096E57D /* User2048.app */ = {isa = PBXFileReference; explicitFileType = wrapper.application; includeInIndex = 0; path = User2048.app; sourceTree = BUILT_PRODUCTS_DIR; };
		1291CA431E76E2FC0096E57D /* AppDelegate.swift */ = {isa = PBXFileReference; lastKnownFileType = sourcecode.swift; path = AppDelegate.swift; sourceTree = "<group>"; };
		1291CA451E76E2FC0096E57D /* Main.sks */ = {isa = PBXFileReference; lastKnownFileType = file.sks; path = Main.sks; sourceTree = "<group>"; };
		1291CA471E76E2FC0096E57D /* Actions.sks */ = {isa = PBXFileReference; lastKnownFileType = file.sks; path = Actions.sks; sourceTree = "<group>"; };
		1291CA4B1E76E2FC0096E57D /* ViewController.swift */ = {isa = PBXFileReference; lastKnownFileType = sourcecode.swift; path = ViewController.swift; sourceTree = "<group>"; };
		1291CA4D1E76E2FC0096E57D /* Assets.xcassets */ = {isa = PBXFileReference; lastKnownFileType = folder.assetcatalog; path = Assets.xcassets; sourceTree = "<group>"; };
		1291CA501E76E2FC0096E57D /* Base */ = {isa = PBXFileReference; lastKnownFileType = file.storyboard; name = Base; path = Base.lproj/Main.storyboard; sourceTree = "<group>"; };
		1291CA521E76E2FC0096E57D /* Info.plist */ = {isa = PBXFileReference; lastKnownFileType = text.plist.xml; path = Info.plist; sourceTree = "<group>"; };
		1291CA571E76E2FC0096E57D /* User2048Tests.xctest */ = {isa = PBXFileReference; explicitFileType = wrapper.cfbundle; includeInIndex = 0; path = User2048Tests.xctest; sourceTree = BUILT_PRODUCTS_DIR; };
		1291CA5B1E76E2FC0096E57D /* User2048Tests.swift */ = {isa = PBXFileReference; lastKnownFileType = sourcecode.swift; path = User2048Tests.swift; sourceTree = "<group>"; };
		1291CA5D1E76E2FC0096E57D /* Info.plist */ = {isa = PBXFileReference; lastKnownFileType = text.plist.xml; path = Info.plist; sourceTree = "<group>"; };
		1291CA621E76E2FC0096E57D /* User2048UITests.xctest */ = {isa = PBXFileReference; explicitFileType = wrapper.cfbundle; includeInIndex = 0; path = User2048UITests.xctest; sourceTree = BUILT_PRODUCTS_DIR; };
		1291CA661E76E2FC0096E57D /* User2048UITests.swift */ = {isa = PBXFileReference; lastKnownFileType = sourcecode.swift; path = User2048UITests.swift; sourceTree = "<group>"; };
		1291CA681E76E2FC0096E57D /* Info.plist */ = {isa = PBXFileReference; lastKnownFileType = text.plist.xml; path = Info.plist; sourceTree = "<group>"; };
		1291CA791E76E3460096E57D /* Main.swift */ = {isa = PBXFileReference; fileEncoding = 4; lastKnownFileType = sourcecode.swift; path = Main.swift; sourceTree = "<group>"; };
		1291CA7B1E76E3770096E57D /* Board.swift */ = {isa = PBXFileReference; fileEncoding = 4; lastKnownFileType = sourcecode.swift; path = Board.swift; sourceTree = "<group>"; };
		1291CA7D1E76E38D0096E57D /* Cell.swift */ = {isa = PBXFileReference; fileEncoding = 4; lastKnownFileType = sourcecode.swift; path = Cell.swift; sourceTree = "<group>"; };
		1291CA7F1E76E3A20096E57D /* Position.swift */ = {isa = PBXFileReference; fileEncoding = 4; lastKnownFileType = sourcecode.swift; path = Position.swift; sourceTree = "<group>"; };
/* End PBXFileReference section */

/* Begin PBXFrameworksBuildPhase section */
		1291CA3D1E76E2FC0096E57D /* Frameworks */ = {
			isa = PBXFrameworksBuildPhase;
			buildActionMask = 2147483647;
			files = (
			);
			runOnlyForDeploymentPostprocessing = 0;
		};
		1291CA541E76E2FC0096E57D /* Frameworks */ = {
			isa = PBXFrameworksBuildPhase;
			buildActionMask = 2147483647;
			files = (
			);
			runOnlyForDeploymentPostprocessing = 0;
		};
		1291CA5F1E76E2FC0096E57D /* Frameworks */ = {
			isa = PBXFrameworksBuildPhase;
			buildActionMask = 2147483647;
			files = (
			);
			runOnlyForDeploymentPostprocessing = 0;
		};
/* End PBXFrameworksBuildPhase section */

/* Begin PBXGroup section */
		1291CA371E76E2FC0096E57D = {
			isa = PBXGroup;
			children = (
				1291CA421E76E2FC0096E57D /* User2048 */,
				1291CA5A1E76E2FC0096E57D /* User2048Tests */,
				1291CA651E76E2FC0096E57D /* User2048UITests */,
				1291CA411E76E2FC0096E57D /* Products */,
			);
			sourceTree = "<group>";
		};
		1291CA411E76E2FC0096E57D /* Products */ = {
			isa = PBXGroup;
			children = (
				1291CA401E76E2FC0096E57D /* User2048.app */,
				1291CA571E76E2FC0096E57D /* User2048Tests.xctest */,
				1291CA621E76E2FC0096E57D /* User2048UITests.xctest */,
			);
			name = Products;
			sourceTree = "<group>";
		};
		1291CA421E76E2FC0096E57D /* User2048 */ = {
			isa = PBXGroup;
			children = (
				1291CA781E76E3380096E57D /* Controller */,
				1291CA771E76E32C0096E57D /* View */,
				1291CA741E76E31C0096E57D /* Model */,
				1291CA431E76E2FC0096E57D /* AppDelegate.swift */,
				1291CA451E76E2FC0096E57D /* Main.sks */,
				1291CA471E76E2FC0096E57D /* Actions.sks */,
				1291CA4D1E76E2FC0096E57D /* Assets.xcassets */,
				1291CA4F1E76E2FC0096E57D /* Main.storyboard */,
				1291CA521E76E2FC0096E57D /* Info.plist */,
			);
			path = User2048;
			sourceTree = "<group>";
		};
		1291CA5A1E76E2FC0096E57D /* User2048Tests */ = {
			isa = PBXGroup;
			children = (
				1291CA5B1E76E2FC0096E57D /* User2048Tests.swift */,
				1291CA5D1E76E2FC0096E57D /* Info.plist */,
			);
			path = User2048Tests;
			sourceTree = "<group>";
		};
		1291CA651E76E2FC0096E57D /* User2048UITests */ = {
			isa = PBXGroup;
			children = (
				1291CA661E76E2FC0096E57D /* User2048UITests.swift */,
				1291CA681E76E2FC0096E57D /* Info.plist */,
			);
			path = User2048UITests;
			sourceTree = "<group>";
		};
		1291CA741E76E31C0096E57D /* Model */ = {
			isa = PBXGroup;
			children = (
				1291CA7B1E76E3770096E57D /* Board.swift */,
				1291CA7D1E76E38D0096E57D /* Cell.swift */,
				1291CA7F1E76E3A20096E57D /* Position.swift */,
			);
			name = Model;
			sourceTree = "<group>";
		};
		1291CA771E76E32C0096E57D /* View */ = {
			isa = PBXGroup;
			children = (
				1291CA791E76E3460096E57D /* Main.swift */,
			);
			name = View;
			sourceTree = "<group>";
		};
		1291CA781E76E3380096E57D /* Controller */ = {
			isa = PBXGroup;
			children = (
				1291CA4B1E76E2FC0096E57D /* ViewController.swift */,
			);
			name = Controller;
			sourceTree = "<group>";
		};
/* End PBXGroup section */

/* Begin PBXNativeTarget section */
		1291CA3F1E76E2FC0096E57D /* User2048 */ = {
			isa = PBXNativeTarget;
			buildConfigurationList = 1291CA6B1E76E2FC0096E57D /* Build configuration list for PBXNativeTarget "User2048" */;
			buildPhases = (
				1291CA3C1E76E2FC0096E57D /* Sources */,
				1291CA3D1E76E2FC0096E57D /* Frameworks */,
				1291CA3E1E76E2FC0096E57D /* Resources */,
			);
			buildRules = (
			);
			dependencies = (
			);
			name = User2048;
			productName = User2048;
			productReference = 1291CA401E76E2FC0096E57D /* User2048.app */;
			productType = "com.apple.product-type.application";
		};
		1291CA561E76E2FC0096E57D /* User2048Tests */ = {
			isa = PBXNativeTarget;
			buildConfigurationList = 1291CA6E1E76E2FC0096E57D /* Build configuration list for PBXNativeTarget "User2048Tests" */;
			buildPhases = (
				1291CA531E76E2FC0096E57D /* Sources */,
				1291CA541E76E2FC0096E57D /* Frameworks */,
				1291CA551E76E2FC0096E57D /* Resources */,
			);
			buildRules = (
			);
			dependencies = (
				1291CA591E76E2FC0096E57D /* PBXTargetDependency */,
			);
			name = User2048Tests;
			productName = User2048Tests;
			productReference = 1291CA571E76E2FC0096E57D /* User2048Tests.xctest */;
			productType = "com.apple.product-type.bundle.unit-test";
		};
		1291CA611E76E2FC0096E57D /* User2048UITests */ = {
			isa = PBXNativeTarget;
			buildConfigurationList = 1291CA711E76E2FC0096E57D /* Build configuration list for PBXNativeTarget "User2048UITests" */;
			buildPhases = (
				1291CA5E1E76E2FC0096E57D /* Sources */,
				1291CA5F1E76E2FC0096E57D /* Frameworks */,
				1291CA601E76E2FC0096E57D /* Resources */,
			);
			buildRules = (
			);
			dependencies = (
				1291CA641E76E2FC0096E57D /* PBXTargetDependency */,
			);
			name = User2048UITests;
			productName = User2048UITests;
			productReference = 1291CA621E76E2FC0096E57D /* User2048UITests.xctest */;
			productType = "com.apple.product-type.bundle.ui-testing";
		};
/* End PBXNativeTarget section */

/* Begin PBXProject section */
		1291CA381E76E2FC0096E57D /* Project object */ = {
			isa = PBXProject;
			attributes = {
				LastSwiftUpdateCheck = 0820;
				LastUpgradeCheck = 0820;
				ORGANIZATIONNAME = "Miles Elvidge";
				TargetAttributes = {
					1291CA3F1E76E2FC0096E57D = {
						CreatedOnToolsVersion = 8.2.1;
						DevelopmentTeam = 3PARX7L9H4;
						ProvisioningStyle = Automatic;
					};
					1291CA561E76E2FC0096E57D = {
						CreatedOnToolsVersion = 8.2.1;
						DevelopmentTeam = 3PARX7L9H4;
						ProvisioningStyle = Automatic;
						TestTargetID = 1291CA3F1E76E2FC0096E57D;
					};
					1291CA611E76E2FC0096E57D = {
						CreatedOnToolsVersion = 8.2.1;
						DevelopmentTeam = 3PARX7L9H4;
						ProvisioningStyle = Automatic;
						TestTargetID = 1291CA3F1E76E2FC0096E57D;
					};
				};
			};
			buildConfigurationList = 1291CA3B1E76E2FC0096E57D /* Build configuration list for PBXProject "User2048" */;
			compatibilityVersion = "Xcode 3.2";
			developmentRegion = English;
			hasScannedForEncodings = 0;
			knownRegions = (
				en,
				Base,
			);
			mainGroup = 1291CA371E76E2FC0096E57D;
			productRefGroup = 1291CA411E76E2FC0096E57D /* Products */;
			projectDirPath = "";
			projectRoot = "";
			targets = (
				1291CA3F1E76E2FC0096E57D /* User2048 */,
				1291CA561E76E2FC0096E57D /* User2048Tests */,
				1291CA611E76E2FC0096E57D /* User2048UITests */,
			);
		};
/* End PBXProject section */

/* Begin PBXResourcesBuildPhase section */
		1291CA3E1E76E2FC0096E57D /* Resources */ = {
			isa = PBXResourcesBuildPhase;
			buildActionMask = 2147483647;
			files = (
				1291CA461E76E2FC0096E57D /* Main.sks in Resources */,
				1291CA4E1E76E2FC0096E57D /* Assets.xcassets in Resources */,
				1291CA481E76E2FC0096E57D /* Actions.sks in Resources */,
				1291CA511E76E2FC0096E57D /* Main.storyboard in Resources */,
			);
			runOnlyForDeploymentPostprocessing = 0;
		};
		1291CA551E76E2FC0096E57D /* Resources */ = {
			isa = PBXResourcesBuildPhase;
			buildActionMask = 2147483647;
			files = (
			);
			runOnlyForDeploymentPostprocessing = 0;
		};
		1291CA601E76E2FC0096E57D /* Resources */ = {
			isa = PBXResourcesBuildPhase;
			buildActionMask = 2147483647;
			files = (
			);
			runOnlyForDeploymentPostprocessing = 0;
		};
/* End PBXResourcesBuildPhase section */

/* Begin PBXSourcesBuildPhase section */
		1291CA3C1E76E2FC0096E57D /* Sources */ = {
			isa = PBXSourcesBuildPhase;
			buildActionMask = 2147483647;
			files = (
				1291CA7A1E76E3460096E57D /* Main.swift in Sources */,
				1291CA4C1E76E2FC0096E57D /* ViewController.swift in Sources */,
				1291CA801E76E3A20096E57D /* Position.swift in Sources */,
				1291CA7E1E76E38D0096E57D /* Cell.swift in Sources */,
				1291CA7C1E76E3770096E57D /* Board.swift in Sources */,
				1291CA441E76E2FC0096E57D /* AppDelegate.swift in Sources */,
			);
			runOnlyForDeploymentPostprocessing = 0;
		};
		1291CA531E76E2FC0096E57D /* Sources */ = {
			isa = PBXSourcesBuildPhase;
			buildActionMask = 2147483647;
			files = (
				1291CA5C1E76E2FC0096E57D /* User2048Tests.swift in Sources */,
			);
			runOnlyForDeploymentPostprocessing = 0;
		};
		1291CA5E1E76E2FC0096E57D /* Sources */ = {
			isa = PBXSourcesBuildPhase;
			buildActionMask = 2147483647;
			files = (
				1291CA671E76E2FC0096E57D /* User2048UITests.swift in Sources */,
			);
			runOnlyForDeploymentPostprocessing = 0;
		};
/* End PBXSourcesBuildPhase section */

/* Begin PBXTargetDependency section */
		1291CA591E76E2FC0096E57D /* PBXTargetDependency */ = {
			isa = PBXTargetDependency;
			target = 1291CA3F1E76E2FC0096E57D /* User2048 */;
			targetProxy = 1291CA581E76E2FC0096E57D /* PBXContainerItemProxy */;
		};
		1291CA641E76E2FC0096E57D /* PBXTargetDependency */ = {
			isa = PBXTargetDependency;
			target = 1291CA3F1E76E2FC0096E57D /* User2048 */;
			targetProxy = 1291CA631E76E2FC0096E57D /* PBXContainerItemProxy */;
		};
/* End PBXTargetDependency section */

/* Begin PBXVariantGroup section */
		1291CA4F1E76E2FC0096E57D /* Main.storyboard */ = {
			isa = PBXVariantGroup;
			children = (
				1291CA501E76E2FC0096E57D /* Base */,
			);
			name = Main.storyboard;
			sourceTree = "<group>";
		};
/* End PBXVariantGroup section */

/* Begin XCBuildConfiguration section */
		1291CA691E76E2FC0096E57D /* Debug */ = {
			isa = XCBuildConfiguration;
			buildSettings = {
				ALWAYS_SEARCH_USER_PATHS = NO;
				CLANG_ANALYZER_NONNULL = YES;
				CLANG_CXX_LANGUAGE_STANDARD = "gnu++0x";
				CLANG_CXX_LIBRARY = "libc++";
				CLANG_ENABLE_MODULES = YES;
				CLANG_ENABLE_OBJC_ARC = YES;
				CLANG_WARN_BOOL_CONVERSION = YES;
				CLANG_WARN_CONSTANT_CONVERSION = YES;
				CLANG_WARN_DIRECT_OBJC_ISA_USAGE = YES_ERROR;
				CLANG_WARN_DOCUMENTATION_COMMENTS = YES;
				CLANG_WARN_EMPTY_BODY = YES;
				CLANG_WARN_ENUM_CONVERSION = YES;
				CLANG_WARN_INFINITE_RECURSION = YES;
				CLANG_WARN_INT_CONVERSION = YES;
				CLANG_WARN_OBJC_ROOT_CLASS = YES_ERROR;
				CLANG_WARN_SUSPICIOUS_MOVE = YES;
				CLANG_WARN_UNREACHABLE_CODE = YES;
				CLANG_WARN__DUPLICATE_METHOD_MATCH = YES;
				CODE_SIGN_IDENTITY = "-";
				COPY_PHASE_STRIP = NO;
				DEBUG_INFORMATION_FORMAT = dwarf;
				ENABLE_STRICT_OBJC_MSGSEND = YES;
				ENABLE_TESTABILITY = YES;
				GCC_C_LANGUAGE_STANDARD = gnu99;
				GCC_DYNAMIC_NO_PIC = NO;
				GCC_NO_COMMON_BLOCKS = YES;
				GCC_OPTIMIZATION_LEVEL = 0;
				GCC_PREPROCESSOR_DEFINITIONS = (
					"DEBUG=1",
					"$(inherited)",
				);
				GCC_WARN_64_TO_32_BIT_CONVERSION = YES;
				GCC_WARN_ABOUT_RETURN_TYPE = YES_ERROR;
				GCC_WARN_UNDECLARED_SELECTOR = YES;
				GCC_WARN_UNINITIALIZED_AUTOS = YES_AGGRESSIVE;
				GCC_WARN_UNUSED_FUNCTION = YES;
				GCC_WARN_UNUSED_VARIABLE = YES;
				MACOSX_DEPLOYMENT_TARGET = 10.12;
				MTL_ENABLE_DEBUG_INFO = YES;
				ONLY_ACTIVE_ARCH = YES;
				SDKROOT = macosx;
				SWIFT_ACTIVE_COMPILATION_CONDITIONS = DEBUG;
				SWIFT_OPTIMIZATION_LEVEL = "-Onone";
			};
			name = Debug;
		};
		1291CA6A1E76E2FC0096E57D /* Release */ = {
			isa = XCBuildConfiguration;
			buildSettings = {
				ALWAYS_SEARCH_USER_PATHS = NO;
				CLANG_ANALYZER_NONNULL = YES;
				CLANG_CXX_LANGUAGE_STANDARD = "gnu++0x";
				CLANG_CXX_LIBRARY = "libc++";
				CLANG_ENABLE_MODULES = YES;
				CLANG_ENABLE_OBJC_ARC = YES;
				CLANG_WARN_BOOL_CONVERSION = YES;
				CLANG_WARN_CONSTANT_CONVERSION = YES;
				CLANG_WARN_DIRECT_OBJC_ISA_USAGE = YES_ERROR;
				CLANG_WARN_DOCUMENTATION_COMMENTS = YES;
				CLANG_WARN_EMPTY_BODY = YES;
				CLANG_WARN_ENUM_CONVERSION = YES;
				CLANG_WARN_INFINITE_RECURSION = YES;
				CLANG_WARN_INT_CONVERSION = YES;
				CLANG_WARN_OBJC_ROOT_CLASS = YES_ERROR;
				CLANG_WARN_SUSPICIOUS_MOVE = YES;
				CLANG_WARN_UNREACHABLE_CODE = YES;
				CLANG_WARN__DUPLICATE_METHOD_MATCH = YES;
				CODE_SIGN_IDENTITY = "-";
				COPY_PHASE_STRIP = NO;
				DEBUG_INFORMATION_FORMAT = "dwarf-with-dsym";
				ENABLE_NS_ASSERTIONS = NO;
				ENABLE_STRICT_OBJC_MSGSEND = YES;
				GCC_C_LANGUAGE_STANDARD = gnu99;
				GCC_NO_COMMON_BLOCKS = YES;
				GCC_WARN_64_TO_32_BIT_CONVERSION = YES;
				GCC_WARN_ABOUT_RETURN_TYPE = YES_ERROR;
				GCC_WARN_UNDECLARED_SELECTOR = YES;
				GCC_WARN_UNINITIALIZED_AUTOS = YES_AGGRESSIVE;
				GCC_WARN_UNUSED_FUNCTION = YES;
				GCC_WARN_UNUSED_VARIABLE = YES;
				MACOSX_DEPLOYMENT_TARGET = 10.12;
				MTL_ENABLE_DEBUG_INFO = NO;
				SDKROOT = macosx;
				SWIFT_OPTIMIZATION_LEVEL = "-Owholemodule";
			};
			name = Release;
		};
		1291CA6C1E76E2FC0096E57D /* Debug */ = {
			isa = XCBuildConfiguration;
			buildSettings = {
				ASSETCATALOG_COMPILER_APPICON_NAME = AppIcon;
				COMBINE_HIDPI_IMAGES = YES;
				DEVELOPMENT_TEAM = 3PARX7L9H4;
				INFOPLIST_FILE = User2048/Info.plist;
				LD_RUNPATH_SEARCH_PATHS = "$(inherited) @executable_path/../Frameworks";
				PRODUCT_BUNDLE_IDENTIFIER = mileselvidge.User2048;
				PRODUCT_NAME = "$(TARGET_NAME)";
				SWIFT_VERSION = 3.0;
			};
			name = Debug;
		};
		1291CA6D1E76E2FC0096E57D /* Release */ = {
			isa = XCBuildConfiguration;
			buildSettings = {
				ASSETCATALOG_COMPILER_APPICON_NAME = AppIcon;
				COMBINE_HIDPI_IMAGES = YES;
				DEVELOPMENT_TEAM = 3PARX7L9H4;
				INFOPLIST_FILE = User2048/Info.plist;
				LD_RUNPATH_SEARCH_PATHS = "$(inherited) @executable_path/../Frameworks";
				PRODUCT_BUNDLE_IDENTIFIER = mileselvidge.User2048;
				PRODUCT_NAME = "$(TARGET_NAME)";
				SWIFT_VERSION = 3.0;
			};
			name = Release;
		};
		1291CA6F1E76E2FC0096E57D /* Debug */ = {
			isa = XCBuildConfiguration;
			buildSettings = {
				ALWAYS_EMBED_SWIFT_STANDARD_LIBRARIES = YES;
				BUNDLE_LOADER = "$(TEST_HOST)";
				COMBINE_HIDPI_IMAGES = YES;
				DEVELOPMENT_TEAM = 3PARX7L9H4;
				INFOPLIST_FILE = User2048Tests/Info.plist;
				LD_RUNPATH_SEARCH_PATHS = "$(inherited) @executable_path/../Frameworks @loader_path/../Frameworks";
				PRODUCT_BUNDLE_IDENTIFIER = mileselvidge.User2048Tests;
				PRODUCT_NAME = "$(TARGET_NAME)";
				SWIFT_VERSION = 3.0;
				TEST_HOST = "$(BUILT_PRODUCTS_DIR)/User2048.app/Contents/MacOS/User2048";
			};
			name = Debug;
		};
		1291CA701E76E2FC0096E57D /* Release */ = {
			isa = XCBuildConfiguration;
			buildSettings = {
				ALWAYS_EMBED_SWIFT_STANDARD_LIBRARIES = YES;
				BUNDLE_LOADER = "$(TEST_HOST)";
				COMBINE_HIDPI_IMAGES = YES;
				DEVELOPMENT_TEAM = 3PARX7L9H4;
				INFOPLIST_FILE = User2048Tests/Info.plist;
				LD_RUNPATH_SEARCH_PATHS = "$(inherited) @executable_path/../Frameworks @loader_path/../Frameworks";
				PRODUCT_BUNDLE_IDENTIFIER = mileselvidge.User2048Tests;
				PRODUCT_NAME = "$(TARGET_NAME)";
				SWIFT_VERSION = 3.0;
				TEST_HOST = "$(BUILT_PRODUCTS_DIR)/User2048.app/Contents/MacOS/User2048";
			};
			name = Release;
		};
		1291CA721E76E2FC0096E57D /* Debug */ = {
			isa = XCBuildConfiguration;
			buildSettings = {
				ALWAYS_EMBED_SWIFT_STANDARD_LIBRARIES = YES;
				COMBINE_HIDPI_IMAGES = YES;
				DEVELOPMENT_TEAM = 3PARX7L9H4;
				INFOPLIST_FILE = User2048UITests/Info.plist;
				LD_RUNPATH_SEARCH_PATHS = "$(inherited) @executable_path/../Frameworks @loader_path/../Frameworks";
				PRODUCT_BUNDLE_IDENTIFIER = mileselvidge.User2048UITests;
				PRODUCT_NAME = "$(TARGET_NAME)";
				SWIFT_VERSION = 3.0;
				TEST_TARGET_NAME = User2048;
			};
			name = Debug;
		};
		1291CA731E76E2FC0096E57D /* Release */ = {
			isa = XCBuildConfiguration;
			buildSettings = {
				ALWAYS_EMBED_SWIFT_STANDARD_LIBRARIES = YES;
				COMBINE_HIDPI_IMAGES = YES;
				DEVELOPMENT_TEAM = 3PARX7L9H4;
				INFOPLIST_FILE = User2048UITests/Info.plist;
				LD_RUNPATH_SEARCH_PATHS = "$(inherited) @executable_path/../Frameworks @loader_path/../Frameworks";
				PRODUCT_BUNDLE_IDENTIFIER = mileselvidge.User2048UITests;
				PRODUCT_NAME = "$(TARGET_NAME)";
				SWIFT_VERSION = 3.0;
				TEST_TARGET_NAME = User2048;
			};
			name = Release;
		};
/* End XCBuildConfiguration section */

/* Begin XCConfigurationList section */
		1291CA3B1E76E2FC0096E57D /* Build configuration list for PBXProject "User2048" */ = {
			isa = XCConfigurationList;
			buildConfigurations = (
				1291CA691E76E2FC0096E57D /* Debug */,
				1291CA6A1E76E2FC0096E57D /* Release */,
			);
			defaultConfigurationIsVisible = 0;
			defaultConfigurationName = Release;
		};
		1291CA6B1E76E2FC0096E57D /* Build configuration list for PBXNativeTarget "User2048" */ = {
			isa = XCConfigurationList;
			buildConfigurations = (
				1291CA6C1E76E2FC0096E57D /* Debug */,
				1291CA6D1E76E2FC0096E57D /* Release */,
			);
			defaultConfigurationIsVisible = 0;
			defaultConfigurationName = Release;
		};
		1291CA6E1E76E2FC0096E57D /* Build configuration list for PBXNativeTarget "User2048Tests" */ = {
			isa = XCConfigurationList;
			buildConfigurations = (
				1291CA6F1E76E2FC0096E57D /* Debug */,
				1291CA701E76E2FC0096E57D /* Release */,
			);
			defaultConfigurationIsVisible = 0;
			defaultConfigurationName = Release;
		};
		1291CA711E76E2FC0096E57D /* Build configuration list for PBXNativeTarget "User2048UITests" */ = {
			isa = XCConfigurationList;
			buildConfigurations = (
				1291CA721E76E2FC0096E57D /* Debug */,
				1291CA731E76E2FC0096E57D /* Release */,
			);
			defaultConfigurationIsVisible = 0;
			defaultConfigurationName = Release;
		};
/* End XCConfigurationList section */
	};
	rootObject = 1291CA381E76E2FC0096E57D /* Project object */;
}
